
Microsoft Visual Studio Solution File, Format Version 12.00
# Visual Studio 15
VisualStudioVersion = 15.0.28307.852
MinimumVisualStudioVersion = 10.0.40219.1
Project("{FAE04EC0-301F-11D3-BF4B-00C04F79EFBC}") = "CalculatorSystem", "CalculatorSystem\CalculatorSystem.csproj", "{B0497E12-6FE5-4B69-8D37-BB7BCF31C005}"
EndProject
Project("{FAE04EC0-301F-11D3-BF4B-00C04F79EFBC}") = "FacadeDemo", "FacadeDemo\FacadeDemo.csproj", "{5FE2BC6A-C438-470D-BE71-C0F3D075CE00}"
EndProject
Global
	GlobalSection(SolutionConfigurationPlatforms) = preSolution
		Debug|Any CPU = Debug|Any CPU
		Release|Any CPU = Release|Any CPU
	EndGlobalSection
	GlobalSection(ProjectConfigurationPlatforms) = postSolution
		{B0497E12-6FE5-4B69-8D37-BB7BCF31C005}.Debug|Any CPU.ActiveCfg = Debug|Any CPU
		{B0497E12-6FE5-4B69-8D37-BB7BCF31C005}.Debug|Any CPU.Build.0 = Debug|Any CPU
		{B0497E12-6FE5-4B69-8D37-BB7BCF31C005}.Release|Any CPU.ActiveCfg = Release|Any CPU
		{B0497E12-6FE5-4B69-8D37-BB7BCF31C005}.Release|Any CPU.Build.0 = Release|Any CPU
		{5FE2BC6A-C438-470D-BE71-C0F3D075CE00}.Debug|Any CPU.ActiveCfg = Debug|Any CPU
		{5FE2BC6A-C438-470D-BE71-C0F3D075CE00}.Debug|Any CPU.Build.0 = Debug|Any CPU
		{5FE2BC6A-C438-470D-BE71-C0F3D075CE00}.Release|Any CPU.ActiveCfg = Release|Any CPU
		{5FE2BC6A-C438-470D-BE71-C0F3D075CE00}.Release|Any CPU.Build.0 = Release|Any CPU
	EndGlobalSection
	GlobalSection(SolutionProperties) = preSolution
		HideSolutionNode = FALSE
	EndGlobalSection
	GlobalSection(ExtensibilityGlobals) = postSolution
		SolutionGuid = {101126A9-6586-4D6B-88F8-AF69F2344C15}
	EndGlobalSection
EndGlobal
